
Microsoft Visual Studio Solution File, Format Version 12.00
# Visual Studio 15
VisualStudioVersion = 15.0.27130.2026
MinimumVisualStudioVersion = 10.0.40219.1
Project("{FAE04EC0-301F-11D3-BF4B-00C04F79EFBC}") = "WebApplication8", "WebApplication8\WebApplication8.csproj", "{405BAFAF-F58B-4664-9C44-49CFF437376B}"
EndProject
Project("{FAE04EC0-301F-11D3-BF4B-00C04F79EFBC}") = "WebApplication8.Tests", "WebApplication8.Tests\WebApplication8.Tests.csproj", "{CCA3C7DD-12D5-4CA9-9FFD-A6B5E6762F70}"
EndProject
Global
	GlobalSection(SolutionConfigurationPlatforms) = preSolution
		Debug|Any CPU = Debug|Any CPU
		Release|Any CPU = Release|Any CPU
	EndGlobalSection
	GlobalSection(ProjectConfigurationPlatforms) = postSolution
		{405BAFAF-F58B-4664-9C44-49CFF437376B}.Debug|Any CPU.ActiveCfg = Debug|Any CPU
		{405BAFAF-F58B-4664-9C44-49CFF437376B}.Debug|Any CPU.Build.0 = Debug|Any CPU
		{405BAFAF-F58B-4664-9C44-49CFF437376B}.Release|Any CPU.ActiveCfg = Release|Any CPU
		{405BAFAF-F58B-4664-9C44-49CFF437376B}.Release|Any CPU.Build.0 = Release|Any CPU
		{CCA3C7DD-12D5-4CA9-9FFD-A6B5E6762F70}.Debug|Any CPU.ActiveCfg = Debug|Any CPU
		{CCA3C7DD-12D5-4CA9-9FFD-A6B5E6762F70}.Debug|Any CPU.Build.0 = Debug|Any CPU
		{CCA3C7DD-12D5-4CA9-9FFD-A6B5E6762F70}.Release|Any CPU.ActiveCfg = Release|Any CPU
		{CCA3C7DD-12D5-4CA9-9FFD-A6B5E6762F70}.Release|Any CPU.Build.0 = Release|Any CPU
	EndGlobalSection
	GlobalSection(SolutionProperties) = preSolution
		HideSolutionNode = FALSE
	EndGlobalSection
	GlobalSection(ExtensibilityGlobals) = postSolution
		SolutionGuid = {738F62B7-13AF-4717-8661-D7C837CAD1E3}
	EndGlobalSection
EndGlobal
